
Microsoft Visual Studio Solution File, Format Version 12.00
# Visual Studio Version 17
VisualStudioVersion = 17.4.33205.214
MinimumVisualStudioVersion = 10.0.40219.1
Project("{FAE04EC0-301F-11D3-BF4B-00C04F79EFBC}") = "mini atm", "mini atm\mini atm.csproj", "{DF3EECB6-14BB-4275-9F62-2807AA479FBC}"
EndProject
Global
	GlobalSection(SolutionConfigurationPlatforms) = preSolution
		Debug|Any CPU = Debug|Any CPU
		Release|Any CPU = Release|Any CPU
	EndGlobalSection
	GlobalSection(ProjectConfigurationPlatforms) = postSolution
		{DF3EECB6-14BB-4275-9F62-2807AA479FBC}.Debug|Any CPU.ActiveCfg = Debug|Any CPU
		{DF3EECB6-14BB-4275-9F62-2807AA479FBC}.Debug|Any CPU.Build.0 = Debug|Any CPU
		{DF3EECB6-14BB-4275-9F62-2807AA479FBC}.Release|Any CPU.ActiveCfg = Release|Any CPU
		{DF3EECB6-14BB-4275-9F62-2807AA479FBC}.Release|Any CPU.Build.0 = Release|Any CPU
	EndGlobalSection
	GlobalSection(SolutionProperties) = preSolution
		HideSolutionNode = FALSE
	EndGlobalSection
	GlobalSection(ExtensibilityGlobals) = postSolution
		SolutionGuid = {1D9F77B3-3E96-4A7D-85E2-6DD9627C01CB}
	EndGlobalSection
EndGlobal
